
Microsoft Visual Studio Solution File, Format Version 12.00
# Visual Studio Version 17
VisualStudioVersion = 17.12.35728.132
MinimumVisualStudioVersion = 10.0.40219.1
Project("{FAE04EC0-301F-11D3-BF4B-00C04F79EFBC}") = "Num2WordsNet", "Num2WordsNet\Num2WordsNet.csproj", "{875B2C8A-636C-4A59-BBDF-01829F6025B1}"
EndProject
Project("{2150E333-8FDC-42A3-9474-1A3956D46DE8}") = "解决方案项", "解决方案项", "{9FA3D6BD-1EC1-3BA5-80CB-CE02773A58D5}"
	ProjectSection(SolutionItems) = preProject
		LICENSE = LICENSE
		README.EN.md = README.EN.md
		README.md = README.md
	EndProjectSection
EndProject
Project("{FAE04EC0-301F-11D3-BF4B-00C04F79EFBC}") = "Num2WordsNet.Examples", "Num2WordsNet.Examples\Num2WordsNet.Examples.csproj", "{33815CFA-7EF2-4F33-A15A-26A50374C6A7}"
EndProject
Global
	GlobalSection(SolutionConfigurationPlatforms) = preSolution
		Debug|Any CPU = Debug|Any CPU
		Release|Any CPU = Release|Any CPU
	EndGlobalSection
	GlobalSection(ProjectConfigurationPlatforms) = postSolution
		{875B2C8A-636C-4A59-BBDF-01829F6025B1}.Debug|Any CPU.ActiveCfg = Debug|Any CPU
		{875B2C8A-636C-4A59-BBDF-01829F6025B1}.Debug|Any CPU.Build.0 = Debug|Any CPU
		{875B2C8A-636C-4A59-BBDF-01829F6025B1}.Release|Any CPU.ActiveCfg = Release|Any CPU
		{875B2C8A-636C-4A59-BBDF-01829F6025B1}.Release|Any CPU.Build.0 = Release|Any CPU
		{33815CFA-7EF2-4F33-A15A-26A50374C6A7}.Debug|Any CPU.ActiveCfg = Debug|Any CPU
		{33815CFA-7EF2-4F33-A15A-26A50374C6A7}.Debug|Any CPU.Build.0 = Debug|Any CPU
		{33815CFA-7EF2-4F33-A15A-26A50374C6A7}.Release|Any CPU.ActiveCfg = Release|Any CPU
		{33815CFA-7EF2-4F33-A15A-26A50374C6A7}.Release|Any CPU.Build.0 = Release|Any CPU
	EndGlobalSection
	GlobalSection(SolutionProperties) = preSolution
		HideSolutionNode = FALSE
	EndGlobalSection
	GlobalSection(ExtensibilityGlobals) = postSolution
		SolutionGuid = {6279C0A1-8A81-40B0-BA74-DA5BAFEE7A24}
	EndGlobalSection
EndGlobal
